// !$*UTF8*$!
{
	archiveVersion = 1;
	classes = {
	};
	objectVersion = 55;
	objects = {

/* Begin PBXBuildFile section */
		EAFA5E9827B57E74008C0DBF /* AppDelegate.swift in Sources */ = {isa = PBXBuildFile; fileRef = EAFA5E9727B57E74008C0DBF /* AppDelegate.swift */; };
		EAFA5E9A27B57E74008C0DBF /* SceneDelegate.swift in Sources */ = {isa = PBXBuildFile; fileRef = EAFA5E9927B57E74008C0DBF /* SceneDelegate.swift */; };
		EAFA5E9C27B57E74008C0DBF /* ViewController.swift in Sources */ = {isa = PBXBuildFile; fileRef = EAFA5E9B27B57E74008C0DBF /* ViewController.swift */; };
		EAFA5E9F27B57E74008C0DBF /* Main.storyboard in Resources */ = {isa = PBXBuildFile; fileRef = EAFA5E9D27B57E74008C0DBF /* Main.storyboard */; };
		EAFA5EA127B57E75008C0DBF /* Assets.xcassets in Resources */ = {isa = PBXBuildFile; fileRef = EAFA5EA027B57E75008C0DBF /* Assets.xcassets */; };
		EAFA5EA427B57E75008C0DBF /* LaunchScreen.storyboard in Resources */ = {isa = PBXBuildFile; fileRef = EAFA5EA227B57E75008C0DBF /* LaunchScreen.storyboard */; };
		EAFA5EAF27B57E76008C0DBF /* coursedisplayTests.swift in Sources */ = {isa = PBXBuildFile; fileRef = EAFA5EAE27B57E76008C0DBF /* coursedisplayTests.swift */; };
		EAFA5EB927B57E76008C0DBF /* coursedisplayUITests.swift in Sources */ = {isa = PBXBuildFile; fileRef = EAFA5EB827B57E76008C0DBF /* coursedisplayUITests.swift */; };
		EAFA5EBB27B57E76008C0DBF /* coursedisplayUITestsLaunchTests.swift in Sources */ = {isa = PBXBuildFile; fileRef = EAFA5EBA27B57E76008C0DBF /* coursedisplayUITestsLaunchTests.swift */; };
/* End PBXBuildFile section */

/* Begin PBXContainerItemProxy section */
		EAFA5EAB27B57E76008C0DBF /* PBXContainerItemProxy */ = {
			isa = PBXContainerItemProxy;
			containerPortal = EAFA5E8C27B57E74008C0DBF /* Project object */;
			proxyType = 1;
			remoteGlobalIDString = EAFA5E9327B57E74008C0DBF;
			remoteInfo = coursedisplay;
		};
		EAFA5EB527B57E76008C0DBF /* PBXContainerItemProxy */ = {
			isa = PBXContainerItemProxy;
			containerPortal = EAFA5E8C27B57E74008C0DBF /* Project object */;
			proxyType = 1;
			remoteGlobalIDString = EAFA5E9327B57E74008C0DBF;
			remoteInfo = coursedisplay;
		};
/* End PBXContainerItemProxy section */

/* Begin PBXFileReference section */
		EAFA5E9427B57E74008C0DBF /* coursedisplay.app */ = {isa = PBXFileReference; explicitFileType = wrapper.application; includeInIndex = 0; path = coursedisplay.app; sourceTree = BUILT_PRODUCTS_DIR; };
		EAFA5E9727B57E74008C0DBF /* AppDelegate.swift */ = {isa = PBXFileReference; lastKnownFileType = sourcecode.swift; path = AppDelegate.swift; sourceTree = "<group>"; };
		EAFA5E9927B57E74008C0DBF /* SceneDelegate.swift */ = {isa = PBXFileReference; lastKnownFileType = sourcecode.swift; path = SceneDelegate.swift; sourceTree = "<group>"; };
		EAFA5E9B27B57E74008C0DBF /* ViewController.swift */ = {isa = PBXFileReference; lastKnownFileType = sourcecode.swift; path = ViewController.swift; sourceTree = "<group>"; };
		EAFA5E9E27B57E74008C0DBF /* Base */ = {isa = PBXFileReference; lastKnownFileType = file.storyboard; name = Base; path = Base.lproj/Main.storyboard; sourceTree = "<group>"; };
		EAFA5EA027B57E75008C0DBF /* Assets.xcassets */ = {isa = PBXFileReference; lastKnownFileType = folder.assetcatalog; path = Assets.xcassets; sourceTree = "<group>"; };
		EAFA5EA327B57E75008C0DBF /* Base */ = {isa = PBXFileReference; lastKnownFileType = file.storyboard; name = Base; path = Base.lproj/LaunchScreen.storyboard; sourceTree = "<group>"; };
		EAFA5EA527B57E75008C0DBF /* Info.plist */ = {isa = PBXFileReference; lastKnownFileType = text.plist.xml; path = Info.plist; sourceTree = "<group>"; };
		EAFA5EAA27B57E76008C0DBF /* coursedisplayTests.xctest */ = {isa = PBXFileReference; explicitFileType = wrapper.cfbundle; includeInIndex = 0; path = coursedisplayTests.xctest; sourceTree = BUILT_PRODUCTS_DIR; };
		EAFA5EAE27B57E76008C0DBF /* coursedisplayTests.swift */ = {isa = PBXFileReference; lastKnownFileType = sourcecode.swift; path = coursedisplayTests.swift; sourceTree = "<group>"; };
		EAFA5EB427B57E76008C0DBF /* coursedisplayUITests.xctest */ = {isa = PBXFileReference; explicitFileType = wrapper.cfbundle; includeInIndex = 0; path = coursedisplayUITests.xctest; sourceTree = BUILT_PRODUCTS_DIR; };
		EAFA5EB827B57E76008C0DBF /* coursedisplayUITests.swift */ = {isa = PBXFileReference; lastKnownFileType = sourcecode.swift; path = coursedisplayUITests.swift; sourceTree = "<group>"; };
		EAFA5EBA27B57E76008C0DBF /* coursedisplayUITestsLaunchTests.swift */ = {isa = PBXFileReference; lastKnownFileType = sourcecode.swift; path = coursedisplayUITestsLaunchTests.swift; sourceTree = "<group>"; };
/* End PBXFileReference section */

/* Begin PBXFrameworksBuildPhase section */
		EAFA5E9127B57E74008C0DBF /* Frameworks */ = {
			isa = PBXFrameworksBuildPhase;
			buildActionMask = 2147483647;
			files = (
			);
			runOnlyForDeploymentPostprocessing = 0;
		};
		EAFA5EA727B57E76008C0DBF /* Frameworks */ = {
			isa = PBXFrameworksBuildPhase;
			buildActionMask = 2147483647;
			files = (
			);
			runOnlyForDeploymentPostprocessing = 0;
		};
		EAFA5EB127B57E76008C0DBF /* Frameworks */ = {
			isa = PBXFrameworksBuildPhase;
			buildActionMask = 2147483647;
			files = (
			);
			runOnlyForDeploymentPostprocessing = 0;
		};
/* End PBXFrameworksBuildPhase section */

/* Begin PBXGroup section */
		EAFA5E8B27B57E74008C0DBF = {
			isa = PBXGroup;
			children = (
				EAFA5E9627B57E74008C0DBF /* coursedisplay */,
				EAFA5EAD27B57E76008C0DBF /* coursedisplayTests */,
				EAFA5EB727B57E76008C0DBF /* coursedisplayUITests */,
				EAFA5E9527B57E74008C0DBF /* Products */,
			);
			sourceTree = "<group>";
		};
		EAFA5E9527B57E74008C0DBF /* Products */ = {
			isa = PBXGroup;
			children = (
				EAFA5E9427B57E74008C0DBF /* coursedisplay.app */,
				EAFA5EAA27B57E76008C0DBF /* coursedisplayTests.xctest */,
				EAFA5EB427B57E76008C0DBF /* coursedisplayUITests.xctest */,
			);
			name = Products;
			sourceTree = "<group>";
		};
		EAFA5E9627B57E74008C0DBF /* coursedisplay */ = {
			isa = PBXGroup;
			children = (
				EAFA5E9727B57E74008C0DBF /* AppDelegate.swift */,
				EAFA5E9927B57E74008C0DBF /* SceneDelegate.swift */,
				EAFA5E9B27B57E74008C0DBF /* ViewController.swift */,
				EAFA5E9D27B57E74008C0DBF /* Main.storyboard */,
				EAFA5EA027B57E75008C0DBF /* Assets.xcassets */,
				EAFA5EA227B57E75008C0DBF /* LaunchScreen.storyboard */,
				EAFA5EA527B57E75008C0DBF /* Info.plist */,
			);
			path = coursedisplay;
			sourceTree = "<group>";
		};
		EAFA5EAD27B57E76008C0DBF /* coursedisplayTests */ = {
			isa = PBXGroup;
			children = (
				EAFA5EAE27B57E76008C0DBF /* coursedisplayTests.swift */,
			);
			path = coursedisplayTests;
			sourceTree = "<group>";
		};
		EAFA5EB727B57E76008C0DBF /* coursedisplayUITests */ = {
			isa = PBXGroup;
			children = (
				EAFA5EB827B57E76008C0DBF /* coursedisplayUITests.swift */,
				EAFA5EBA27B57E76008C0DBF /* coursedisplayUITestsLaunchTests.swift */,
			);
			path = coursedisplayUITests;
			sourceTree = "<group>";
		};
/* End PBXGroup section */

/* Begin PBXNativeTarget section */
		EAFA5E9327B57E74008C0DBF /* coursedisplay */ = {
			isa = PBXNativeTarget;
			buildConfigurationList = EAFA5EBE27B57E76008C0DBF /* Build configuration list for PBXNativeTarget "coursedisplay" */;
			buildPhases = (
				EAFA5E9027B57E74008C0DBF /* Sources */,
				EAFA5E9127B57E74008C0DBF /* Frameworks */,
				EAFA5E9227B57E74008C0DBF /* Resources */,
			);
			buildRules = (
			);
			dependencies = (
			);
			name = coursedisplay;
			productName = coursedisplay;
			productReference = EAFA5E9427B57E74008C0DBF /* coursedisplay.app */;
			productType = "com.apple.product-type.application";
		};
		EAFA5EA927B57E76008C0DBF /* coursedisplayTests */ = {
			isa = PBXNativeTarget;
			buildConfigurationList = EAFA5EC127B57E76008C0DBF /* Build configuration list for PBXNativeTarget "coursedisplayTests" */;
			buildPhases = (
				EAFA5EA627B57E76008C0DBF /* Sources */,
				EAFA5EA727B57E76008C0DBF /* Frameworks */,
				EAFA5EA827B57E76008C0DBF /* Resources */,
			);
			buildRules = (
			);
			dependencies = (
				EAFA5EAC27B57E76008C0DBF /* PBXTargetDependency */,
			);
			name = coursedisplayTests;
			productName = coursedisplayTests;
			productReference = EAFA5EAA27B57E76008C0DBF /* coursedisplayTests.xctest */;
			productType = "com.apple.product-type.bundle.unit-test";
		};
		EAFA5EB327B57E76008C0DBF /* coursedisplayUITests */ = {
			isa = PBXNativeTarget;
			buildConfigurationList = EAFA5EC427B57E76008C0DBF /* Build configuration list for PBXNativeTarget "coursedisplayUITests" */;
			buildPhases = (
				EAFA5EB027B57E76008C0DBF /* Sources */,
				EAFA5EB127B57E76008C0DBF /* Frameworks */,
				EAFA5EB227B57E76008C0DBF /* Resources */,
			);
			buildRules = (
			);
			dependencies = (
				EAFA5EB627B57E76008C0DBF /* PBXTargetDependency */,
			);
			name = coursedisplayUITests;
			productName = coursedisplayUITests;
			productReference = EAFA5EB427B57E76008C0DBF /* coursedisplayUITests.xctest */;
			productType = "com.apple.product-type.bundle.ui-testing";
		};
/* End PBXNativeTarget section */

/* Begin PBXProject section */
		EAFA5E8C27B57E74008C0DBF /* Project object */ = {
			isa = PBXProject;
			attributes = {
				BuildIndependentTargetsInParallel = 1;
				LastSwiftUpdateCheck = 1320;
				LastUpgradeCheck = 1320;
				TargetAttributes = {
					EAFA5E9327B57E74008C0DBF = {
						CreatedOnToolsVersion = 13.2.1;
					};
					EAFA5EA927B57E76008C0DBF = {
						CreatedOnToolsVersion = 13.2.1;
						TestTargetID = EAFA5E9327B57E74008C0DBF;
					};
					EAFA5EB327B57E76008C0DBF = {
						CreatedOnToolsVersion = 13.2.1;
						TestTargetID = EAFA5E9327B57E74008C0DBF;
					};
				};
			};
			buildConfigurationList = EAFA5E8F27B57E74008C0DBF /* Build configuration list for PBXProject "coursedisplay" */;
			compatibilityVersion = "Xcode 13.0";
			developmentRegion = en;
			hasScannedForEncodings = 0;
			knownRegions = (
				en,
				Base,
			);
			mainGroup = EAFA5E8B27B57E74008C0DBF;
			productRefGroup = EAFA5E9527B57E74008C0DBF /* Products */;
			projectDirPath = "";
			projectRoot = "";
			targets = (
				EAFA5E9327B57E74008C0DBF /* coursedisplay */,
				EAFA5EA927B57E76008C0DBF /* coursedisplayTests */,
				EAFA5EB327B57E76008C0DBF /* coursedisplayUITests */,
			);
		};
/* End PBXProject section */

/* Begin PBXResourcesBuildPhase section */
		EAFA5E9227B57E74008C0DBF /* Resources */ = {
			isa = PBXResourcesBuildPhase;
			buildActionMask = 2147483647;
			files = (
				EAFA5EA427B57E75008C0DBF /* LaunchScreen.storyboard in Resources */,
				EAFA5EA127B57E75008C0DBF /* Assets.xcassets in Resources */,
				EAFA5E9F27B57E74008C0DBF /* Main.storyboard in Resources */,
			);
			runOnlyForDeploymentPostprocessing = 0;
		};
		EAFA5EA827B57E76008C0DBF /* Resources */ = {
			isa = PBXResourcesBuildPhase;
			buildActionMask = 2147483647;
			files = (
			);
			runOnlyForDeploymentPostprocessing = 0;
		};
		EAFA5EB227B57E76008C0DBF /* Resources */ = {
			isa = PBXResourcesBuildPhase;
			buildActionMask = 2147483647;
			files = (
			);
			runOnlyForDeploymentPostprocessing = 0;
		};
/* End PBXResourcesBuildPhase section */

/* Begin PBXSourcesBuildPhase section */
		EAFA5E9027B57E74008C0DBF /* Sources */ = {
			isa = PBXSourcesBuildPhase;
			buildActionMask = 2147483647;
			files = (
				EAFA5E9C27B57E74008C0DBF /* ViewController.swift in Sources */,
				EAFA5E9827B57E74008C0DBF /* AppDelegate.swift in Sources */,
				EAFA5E9A27B57E74008C0DBF /* SceneDelegate.swift in Sources */,
			);
			runOnlyForDeploymentPostprocessing = 0;
		};
		EAFA5EA627B57E76008C0DBF /* Sources */ = {
			isa = PBXSourcesBuildPhase;
			buildActionMask = 2147483647;
			files = (
				EAFA5EAF27B57E76008C0DBF /* coursedisplayTests.swift in Sources */,
			);
			runOnlyForDeploymentPostprocessing = 0;
		};
		EAFA5EB027B57E76008C0DBF /* Sources */ = {
			isa = PBXSourcesBuildPhase;
			buildActionMask = 2147483647;
			files = (
				EAFA5EBB27B57E76008C0DBF /* coursedisplayUITestsLaunchTests.swift in Sources */,
				EAFA5EB927B57E76008C0DBF /* coursedisplayUITests.swift in Sources */,
			);
			runOnlyForDeploymentPostprocessing = 0;
		};
/* End PBXSourcesBuildPhase section */

/* Begin PBXTargetDependency section */
		EAFA5EAC27B57E76008C0DBF /* PBXTargetDependency */ = {
			isa = PBXTargetDependency;
			target = EAFA5E9327B57E74008C0DBF /* coursedisplay */;
			targetProxy = EAFA5EAB27B57E76008C0DBF /* PBXContainerItemProxy */;
		};
		EAFA5EB627B57E76008C0DBF /* PBXTargetDependency */ = {
			isa = PBXTargetDependency;
			target = EAFA5E9327B57E74008C0DBF /* coursedisplay */;
			targetProxy = EAFA5EB527B57E76008C0DBF /* PBXContainerItemProxy */;
		};
/* End PBXTargetDependency section */

/* Begin PBXVariantGroup section */
		EAFA5E9D27B57E74008C0DBF /* Main.storyboard */ = {
			isa = PBXVariantGroup;
			children = (
				EAFA5E9E27B57E74008C0DBF /* Base */,
			);
			name = Main.storyboard;
			sourceTree = "<group>";
		};
		EAFA5EA227B57E75008C0DBF /* LaunchScreen.storyboard */ = {
			isa = PBXVariantGroup;
			children = (
				EAFA5EA327B57E75008C0DBF /* Base */,
			);
			name = LaunchScreen.storyboard;
			sourceTree = "<group>";
		};
/* End PBXVariantGroup section */

/* Begin XCBuildConfiguration section */
		EAFA5EBC27B57E76008C0DBF /* Debug */ = {
			isa = XCBuildConfiguration;
			buildSettings = {
				ALWAYS_SEARCH_USER_PATHS = NO;
				CLANG_ANALYZER_NONNULL = YES;
				CLANG_ANALYZER_NUMBER_OBJECT_CONVERSION = YES_AGGRESSIVE;
				CLANG_CXX_LANGUAGE_STANDARD = "gnu++17";
				CLANG_CXX_LIBRARY = "libc++";
				CLANG_ENABLE_MODULES = YES;
				CLANG_ENABLE_OBJC_ARC = YES;
				CLANG_ENABLE_OBJC_WEAK = YES;
				CLANG_WARN_BLOCK_CAPTURE_AUTORELEASING = YES;
				CLANG_WARN_BOOL_CONVERSION = YES;
				CLANG_WARN_COMMA = YES;
				CLANG_WARN_CONSTANT_CONVERSION = YES;
				CLANG_WARN_DEPRECATED_OBJC_IMPLEMENTATIONS = YES;
				CLANG_WARN_DIRECT_OBJC_ISA_USAGE = YES_ERROR;
				CLANG_WARN_DOCUMENTATION_COMMENTS = YES;
				CLANG_WARN_EMPTY_BODY = YES;
				CLANG_WARN_ENUM_CONVERSION = YES;
				CLANG_WARN_INFINITE_RECURSION = YES;
				CLANG_WARN_INT_CONVERSION = YES;
				CLANG_WARN_NON_LITERAL_NULL_CONVERSION = YES;
				CLANG_WARN_OBJC_IMPLICIT_RETAIN_SELF = YES;
				CLANG_WARN_OBJC_LITERAL_CONVERSION = YES;
				CLANG_WARN_OBJC_ROOT_CLASS = YES_ERROR;
				CLANG_WARN_QUOTED_INCLUDE_IN_FRAMEWORK_HEADER = YES;
				CLANG_WARN_RANGE_LOOP_ANALYSIS = YES;
				CLANG_WARN_STRICT_PROTOTYPES = YES;
				CLANG_WARN_SUSPICIOUS_MOVE = YES;
				CLANG_WARN_UNGUARDED_AVAILABILITY = YES_AGGRESSIVE;
				CLANG_WARN_UNREACHABLE_CODE = YES;
				CLANG_WARN__DUPLICATE_METHOD_MATCH = YES;
				COPY_PHASE_STRIP = NO;
				DEBUG_INFORMATION_FORMAT = dwarf;
				ENABLE_STRICT_OBJC_MSGSEND = YES;
				ENABLE_TESTABILITY = YES;
				GCC_C_LANGUAGE_STANDARD = gnu11;
				GCC_DYNAMIC_NO_PIC = NO;
				GCC_NO_COMMON_BLOCKS = YES;
				GCC_OPTIMIZATION_LEVEL = 0;
				GCC_PREPROCESSOR_DEFINITIONS = (
					"DEBUG=1",
					"$(inherited)",
				);
				GCC_WARN_64_TO_32_BIT_CONVERSION = YES;
				GCC_WARN_ABOUT_RETURN_TYPE = YES_ERROR;
				GCC_WARN_UNDECLARED_SELECTOR = YES;
				GCC_WARN_UNINITIALIZED_AUTOS = YES_AGGRESSIVE;
				GCC_WARN_UNUSED_FUNCTION = YES;
				GCC_WARN_UNUSED_VARIABLE = YES;
				IPHONEOS_DEPLOYMENT_TARGET = 15.2;
				MTL_ENABLE_DEBUG_INFO = INCLUDE_SOURCE;
				MTL_FAST_MATH = YES;
				ONLY_ACTIVE_ARCH = YES;
				SDKROOT = iphoneos;
				SWIFT_ACTIVE_COMPILATION_CONDITIONS = DEBUG;
				SWIFT_OPTIMIZATION_LEVEL = "-Onone";
			};
			name = Debug;
		};
		EAFA5EBD27B57E76008C0DBF /* Release */ = {
			isa = XCBuildConfiguration;
			buildSettings = {
				ALWAYS_SEARCH_USER_PATHS = NO;
				CLANG_ANALYZER_NONNULL = YES;
				CLANG_ANALYZER_NUMBER_OBJECT_CONVERSION = YES_AGGRESSIVE;
				CLANG_CXX_LANGUAGE_STANDARD = "gnu++17";
				CLANG_CXX_LIBRARY = "libc++";
				CLANG_ENABLE_MODULES = YES;
				CLANG_ENABLE_OBJC_ARC = YES;
				CLANG_ENABLE_OBJC_WEAK = YES;
				CLANG_WARN_BLOCK_CAPTURE_AUTORELEASING = YES;
				CLANG_WARN_BOOL_CONVERSION = YES;
				CLANG_WARN_COMMA = YES;
				CLANG_WARN_CONSTANT_CONVERSION = YES;
				CLANG_WARN_DEPRECATED_OBJC_IMPLEMENTATIONS = YES;
				CLANG_WARN_DIRECT_OBJC_ISA_USAGE = YES_ERROR;
				CLANG_WARN_DOCUMENTATION_COMMENTS = YES;
				CLANG_WARN_EMPTY_BODY = YES;
				CLANG_WARN_ENUM_CONVERSION = YES;
				CLANG_WARN_INFINITE_RECURSION = YES;
				CLANG_WARN_INT_CONVERSION = YES;
				CLANG_WARN_NON_LITERAL_NULL_CONVERSION = YES;
				CLANG_WARN_OBJC_IMPLICIT_RETAIN_SELF = YES;
				CLANG_WARN_OBJC_LITERAL_CONVERSION = YES;
				CLANG_WARN_OBJC_ROOT_CLASS = YES_ERROR;
				CLANG_WARN_QUOTED_INCLUDE_IN_FRAMEWORK_HEADER = YES;
				CLANG_WARN_RANGE_LOOP_ANALYSIS = YES;
				CLANG_WARN_STRICT_PROTOTYPES = YES;
				CLANG_WARN_SUSPICIOUS_MOVE = YES;
				CLANG_WARN_UNGUARDED_AVAILABILITY = YES_AGGRESSIVE;
				CLANG_WARN_UNREACHABLE_CODE = YES;
				CLANG_WARN__DUPLICATE_METHOD_MATCH = YES;
				COPY_PHASE_STRIP = NO;
				DEBUG_INFORMATION_FORMAT = "dwarf-with-dsym";
				ENABLE_NS_ASSERTIONS = NO;
				ENABLE_STRICT_OBJC_MSGSEND = YES;
				GCC_C_LANGUAGE_STANDARD = gnu11;
				GCC_NO_COMMON_BLOCKS = YES;
				GCC_WARN_64_TO_32_BIT_CONVERSION = YES;
				GCC_WARN_ABOUT_RETURN_TYPE = YES_ERROR;
				GCC_WARN_UNDECLARED_SELECTOR = YES;
				GCC_WARN_UNINITIALIZED_AUTOS = YES_AGGRESSIVE;
				GCC_WARN_UNUSED_FUNCTION = YES;
				GCC_WARN_UNUSED_VARIABLE = YES;
				IPHONEOS_DEPLOYMENT_TARGET = 15.2;
				MTL_ENABLE_DEBUG_INFO = NO;
				MTL_FAST_MATH = YES;
				SDKROOT = iphoneos;
				SWIFT_COMPILATION_MODE = wholemodule;
				SWIFT_OPTIMIZATION_LEVEL = "-O";
				VALIDATE_PRODUCT = YES;
			};
			name = Release;
		};
		EAFA5EBF27B57E76008C0DBF /* Debug */ = {
			isa = XCBuildConfiguration;
			buildSettings = {
				ASSETCATALOG_COMPILER_APPICON_NAME = AppIcon;
				ASSETCATALOG_COMPILER_GLOBAL_ACCENT_COLOR_NAME = AccentColor;
				CODE_SIGN_STYLE = Automatic;
				CURRENT_PROJECT_VERSION = 1;
				GENERATE_INFOPLIST_FILE = YES;
				INFOPLIST_FILE = coursedisplay/Info.plist;
				INFOPLIST_KEY_CFBundleDisplayName = "Course Display";
				INFOPLIST_KEY_UIApplicationSupportsIndirectInputEvents = YES;
				INFOPLIST_KEY_UILaunchStoryboardName = LaunchScreen;
				INFOPLIST_KEY_UIMainStoryboardFile = Main;
				INFOPLIST_KEY_UISupportedInterfaceOrientations_iPad = "UIInterfaceOrientationPortrait UIInterfaceOrientationPortraitUpsideDown UIInterfaceOrientationLandscapeLeft UIInterfaceOrientationLandscapeRight";
				INFOPLIST_KEY_UISupportedInterfaceOrientations_iPhone = "UIInterfaceOrientationPortrait UIInterfaceOrientationLandscapeLeft UIInterfaceOrientationLandscapeRight";
				LD_RUNPATH_SEARCH_PATHS = (
					"$(inherited)",
					"@executable_path/Frameworks",
				);
				MARKETING_VERSION = 1.0;
				PRODUCT_BUNDLE_IDENTIFIER = nwmsu.coursedisplay;
				PRODUCT_NAME = "$(TARGET_NAME)";
				SWIFT_EMIT_LOC_STRINGS = YES;
				SWIFT_VERSION = 5.0;
				TARGETED_DEVICE_FAMILY = "1,2";
			};
			name = Debug;
		};
		EAFA5EC027B57E76008C0DBF /* Release */ = {
			isa = XCBuildConfiguration;
			buildSettings = {
				ASSETCATALOG_COMPILER_APPICON_NAME = AppIcon;
				ASSETCATALOG_COMPILER_GLOBAL_ACCENT_COLOR_NAME = AccentColor;
				CODE_SIGN_STYLE = Automatic;
				CURRENT_PROJECT_VERSION = 1;
				GENERATE_INFOPLIST_FILE = YES;
				INFOPLIST_FILE = coursedisplay/Info.plist;
				INFOPLIST_KEY_CFBundleDisplayName = "Course Display";
				INFOPLIST_KEY_UIApplicationSupportsIndirectInputEvents = YES;
				INFOPLIST_KEY_UILaunchStoryboardName = LaunchScreen;
				INFOPLIST_KEY_UIMainStoryboardFile = Main;
				INFOPLIST_KEY_UISupportedInterfaceOrientations_iPad = "UIInterfaceOrientationPortrait UIInterfaceOrientationPortraitUpsideDown UIInterfaceOrientationLandscapeLeft UIInterfaceOrientationLandscapeRight";
				INFOPLIST_KEY_UISupportedInterfaceOrientations_iPhone = "UIInterfaceOrientationPortrait UIInterfaceOrientationLandscapeLeft UIInterfaceOrientationLandscapeRight";
				LD_RUNPATH_SEARCH_PATHS = (
					"$(inherited)",
					"@executable_path/Frameworks",
				);
				MARKETING_VERSION = 1.0;
				PRODUCT_BUNDLE_IDENTIFIER = nwmsu.coursedisplay;
				PRODUCT_NAME = "$(TARGET_NAME)";
				SWIFT_EMIT_LOC_STRINGS = YES;
				SWIFT_VERSION = 5.0;
				TARGETED_DEVICE_FAMILY = "1,2";
			};
			name = Release;
		};
		EAFA5EC227B57E76008C0DBF /* Debug */ = {
			isa = XCBuildConfiguration;
			buildSettings = {
				ALWAYS_EMBED_SWIFT_STANDARD_LIBRARIES = YES;
				BUNDLE_LOADER = "$(TEST_HOST)";
				CODE_SIGN_STYLE = Automatic;
				CURRENT_PROJECT_VERSION = 1;
				GENERATE_INFOPLIST_FILE = YES;
				IPHONEOS_DEPLOYMENT_TARGET = 15.2;
				MARKETING_VERSION = 1.0;
				PRODUCT_BUNDLE_IDENTIFIER = nwmsu.coursedisplayTests;
				PRODUCT_NAME = "$(TARGET_NAME)";
				SWIFT_EMIT_LOC_STRINGS = NO;
				SWIFT_VERSION = 5.0;
				TARGETED_DEVICE_FAMILY = "1,2";
				TEST_HOST = "$(BUILT_PRODUCTS_DIR)/coursedisplay.app/coursedisplay";
			};
			name = Debug;
		};
		EAFA5EC327B57E76008C0DBF /* Release */ = {
			isa = XCBuildConfiguration;
			buildSettings = {
				ALWAYS_EMBED_SWIFT_STANDARD_LIBRARIES = YES;
				BUNDLE_LOADER = "$(TEST_HOST)";
				CODE_SIGN_STYLE = Automatic;
				CURRENT_PROJECT_VERSION = 1;
				GENERATE_INFOPLIST_FILE = YES;
				IPHONEOS_DEPLOYMENT_TARGET = 15.2;
				MARKETING_VERSION = 1.0;
				PRODUCT_BUNDLE_IDENTIFIER = nwmsu.coursedisplayTests;
				PRODUCT_NAME = "$(TARGET_NAME)";
				SWIFT_EMIT_LOC_STRINGS = NO;
				SWIFT_VERSION = 5.0;
				TARGETED_DEVICE_FAMILY = "1,2";
				TEST_HOST = "$(BUILT_PRODUCTS_DIR)/coursedisplay.app/coursedisplay";
			};
			name = Release;
		};
		EAFA5EC527B57E76008C0DBF /* Debug */ = {
			isa = XCBuildConfiguration;
			buildSettings = {
				ALWAYS_EMBED_SWIFT_STANDARD_LIBRARIES = YES;
				CODE_SIGN_STYLE = Automatic;
				CURRENT_PROJECT_VERSION = 1;
				GENERATE_INFOPLIST_FILE = YES;
				MARKETING_VERSION = 1.0;
				PRODUCT_BUNDLE_IDENTIFIER = nwmsu.coursedisplayUITests;
				PRODUCT_NAME = "$(TARGET_NAME)";
				SWIFT_EMIT_LOC_STRINGS = NO;
				SWIFT_VERSION = 5.0;
				TARGETED_DEVICE_FAMILY = "1,2";
				TEST_TARGET_NAME = coursedisplay;
			};
			name = Debug;
		};
		EAFA5EC627B57E76008C0DBF /* Release */ = {
			isa = XCBuildConfiguration;
			buildSettings = {
				ALWAYS_EMBED_SWIFT_STANDARD_LIBRARIES = YES;
				CODE_SIGN_STYLE = Automatic;
				CURRENT_PROJECT_VERSION = 1;
				GENERATE_INFOPLIST_FILE = YES;
				MARKETING_VERSION = 1.0;
				PRODUCT_BUNDLE_IDENTIFIER = nwmsu.coursedisplayUITests;
				PRODUCT_NAME = "$(TARGET_NAME)";
				SWIFT_EMIT_LOC_STRINGS = NO;
				SWIFT_VERSION = 5.0;
				TARGETED_DEVICE_FAMILY = "1,2";
				TEST_TARGET_NAME = coursedisplay;
			};
			name = Release;
		};
/* End XCBuildConfiguration section */

/* Begin XCConfigurationList section */
		EAFA5E8F27B57E74008C0DBF /* Build configuration list for PBXProject "coursedisplay" */ = {
			isa = XCConfigurationList;
			buildConfigurations = (
				EAFA5EBC27B57E76008C0DBF /* Debug */,
				EAFA5EBD27B57E76008C0DBF /* Release */,
			);
			defaultConfigurationIsVisible = 0;
			defaultConfigurationName = Release;
		};
		EAFA5EBE27B57E76008C0DBF /* Build configuration list for PBXNativeTarget "coursedisplay" */ = {
			isa = XCConfigurationList;
			buildConfigurations = (
				EAFA5EBF27B57E76008C0DBF /* Debug */,
				EAFA5EC027B57E76008C0DBF /* Release */,
			);
			defaultConfigurationIsVisible = 0;
			defaultConfigurationName = Release;
		};
		EAFA5EC127B57E76008C0DBF /* Build configuration list for PBXNativeTarget "coursedisplayTests" */ = {
			isa = XCConfigurationList;
			buildConfigurations = (
				EAFA5EC227B57E76008C0DBF /* Debug */,
				EAFA5EC327B57E76008C0DBF /* Release */,
			);
			defaultConfigurationIsVisible = 0;
			defaultConfigurationName = Release;
		};
		EAFA5EC427B57E76008C0DBF /* Build configuration list for PBXNativeTarget "coursedisplayUITests" */ = {
			isa = XCConfigurationList;
			buildConfigurations = (
				EAFA5EC527B57E76008C0DBF /* Debug */,
				EAFA5EC627B57E76008C0DBF /* Release */,
			);
			defaultConfigurationIsVisible = 0;
			defaultConfigurationName = Release;
		};
/* End XCConfigurationList section */
	};
	rootObject = EAFA5E8C27B57E74008C0DBF /* Project object */;
}
